Microsoft Visual Studio Solution File, Format Version 12.00
# Visual Studio Version 17
VisualStudioVersion = 17.5.2.0
MinimumVisualStudioVersion = 10.0.40219.1
Project("{FAE04EC0-301F-11D3-BF4B-00C04F79EFBC}") = "tl1-tp6-2025-DrMaxiPaz", "tl1-tp6-2025-DrMaxiPaz.csproj", "{22212A0E-FD10-2390-0949-6A5ED429F08F}"
EndProject
Global
	GlobalSection(SolutionConfigurationPlatforms) = preSolution
		Debug|Any CPU = Debug|Any CPU
		Release|Any CPU = Release|Any CPU
	EndGlobalSection
	GlobalSection(ProjectConfigurationPlatforms) = postSolution
		{22212A0E-FD10-2390-0949-6A5ED429F08F}.Debug|Any CPU.ActiveCfg = Debug|Any CPU
		{22212A0E-FD10-2390-0949-6A5ED429F08F}.Debug|Any CPU.Build.0 = Debug|Any CPU
		{22212A0E-FD10-2390-0949-6A5ED429F08F}.Release|Any CPU.ActiveCfg = Release|Any CPU
		{22212A0E-FD10-2390-0949-6A5ED429F08F}.Release|Any CPU.Build.0 = Release|Any CPU
	EndGlobalSection
	GlobalSection(SolutionProperties) = preSolution
		HideSolutionNode = FALSE
	EndGlobalSection
	GlobalSection(ExtensibilityGlobals) = postSolution
		SolutionGuid = {31C9B312-35A7-42B8-82E4-452618300A15}
	EndGlobalSection
EndGlobal
